
Microsoft Visual Studio Solution File, Format Version 12.00
# Visual Studio Version 17
VisualStudioVersion = 17.5.33414.496
MinimumVisualStudioVersion = 10.0.40219.1
Project("{8BC9CEB8-8B4A-11D0-8D11-00A0C91BC942}") = "IntroductionToOOP", "IntroductionToOOP\IntroductionToOOP.vcxproj", "{A91A8E86-59B2-4E85-9DC1-2E06F94BBE83}"
EndProject
Project("{8BC9CEB8-8B4A-11D0-8D11-00A0C91BC942}") = "DZ", "DZ\DZ.vcxproj", "{6FE9A8A0-83DF-4170-89A5-442B202C28CC}"
EndProject
Project("{8BC9CEB8-8B4A-11D0-8D11-00A0C91BC942}") = "Fraction", "Fraction\Fraction.vcxproj", "{71442FB3-BC8C-4C3C-8ECA-58768154D41B}"
EndProject
Global
	GlobalSection(SolutionConfigurationPlatforms) = preSolution
		Debug|x64 = Debug|x64
		Debug|x86 = Debug|x86
		Release|x64 = Release|x64
		Release|x86 = Release|x86
	EndGlobalSection
	GlobalSection(ProjectConfigurationPlatforms) = postSolution
		{A91A8E86-59B2-4E85-9DC1-2E06F94BBE83}.Debug|x64.ActiveCfg = Debug|x64
		{A91A8E86-59B2-4E85-9DC1-2E06F94BBE83}.Debug|x64.Build.0 = Debug|x64
		{A91A8E86-59B2-4E85-9DC1-2E06F94BBE83}.Debug|x86.ActiveCfg = Debug|Win32
		{A91A8E86-59B2-4E85-9DC1-2E06F94BBE83}.Debug|x86.Build.0 = Debug|Win32
		{A91A8E86-59B2-4E85-9DC1-2E06F94BBE83}.Release|x64.ActiveCfg = Release|x64
		{A91A8E86-59B2-4E85-9DC1-2E06F94BBE83}.Release|x64.Build.0 = Release|x64
		{A91A8E86-59B2-4E85-9DC1-2E06F94BBE83}.Release|x86.ActiveCfg = Release|Win32
		{A91A8E86-59B2-4E85-9DC1-2E06F94BBE83}.Release|x86.Build.0 = Release|Win32
		{6FE9A8A0-83DF-4170-89A5-442B202C28CC}.Debug|x64.ActiveCfg = Debug|x64
		{6FE9A8A0-83DF-4170-89A5-442B202C28CC}.Debug|x64.Build.0 = Debug|x64
		{6FE9A8A0-83DF-4170-89A5-442B202C28CC}.Debug|x86.ActiveCfg = Debug|Win32
		{6FE9A8A0-83DF-4170-89A5-442B202C28CC}.Debug|x86.Build.0 = Debug|Win32
		{6FE9A8A0-83DF-4170-89A5-442B202C28CC}.Release|x64.ActiveCfg = Release|x64
		{6FE9A8A0-83DF-4170-89A5-442B202C28CC}.Release|x64.Build.0 = Release|x64
		{6FE9A8A0-83DF-4170-89A5-442B202C28CC}.Release|x86.ActiveCfg = Release|Win32
		{6FE9A8A0-83DF-4170-89A5-442B202C28CC}.Release|x86.Build.0 = Release|Win32
		{71442FB3-BC8C-4C3C-8ECA-58768154D41B}.Debug|x64.ActiveCfg = Debug|x64
		{71442FB3-BC8C-4C3C-8ECA-58768154D41B}.Debug|x64.Build.0 = Debug|x64
		{71442FB3-BC8C-4C3C-8ECA-58768154D41B}.Debug|x86.ActiveCfg = Debug|Win32
		{71442FB3-BC8C-4C3C-8ECA-58768154D41B}.Debug|x86.Build.0 = Debug|Win32
		{71442FB3-BC8C-4C3C-8ECA-58768154D41B}.Release|x64.ActiveCfg = Release|x64
		{71442FB3-BC8C-4C3C-8ECA-58768154D41B}.Release|x64.Build.0 = Release|x64
		{71442FB3-BC8C-4C3C-8ECA-58768154D41B}.Release|x86.ActiveCfg = Release|Win32
		{71442FB3-BC8C-4C3C-8ECA-58768154D41B}.Release|x86.Build.0 = Release|Win32
	EndGlobalSection
	GlobalSection(SolutionProperties) = preSolution
		HideSolutionNode = FALSE
	EndGlobalSection
	GlobalSection(ExtensibilityGlobals) = postSolution
		SolutionGuid = {E8A52669-7694-4A21-8E61-53F30C9709AB}
	EndGlobalSection
EndGlobal
